PODS:
  - ECSlidingViewController (2.0.0-beta2)
  - Facebook-iOS-SDK (3.10.0)
  - MHTextField (0.0.2.1):
    - NSDate+Calendar
  - NSDate+Calendar (0.0.2)
  - Parse (1.2.17):
    - Facebook-iOS-SDK (~> 3.9)
  - SVProgressHUD (1.0)

DEPENDENCIES:
  - ECSlidingViewController
  - MHTextField (from `https://github.com/farmisen/MHTextField.git`)
  - Parse
  - SVProgressHUD

EXTERNAL SOURCES:
  MHTextField:
    :git: https://github.com/farmisen/MHTextField.git

SPEC CHECKSUMS:
  ECSlidingViewController: 097e5451e8628611f17ed27a6e0829fa705f7851
  Facebook-iOS-SDK: ef402579aeb30cf0c4a6370fb0a927e3dc3059e5
  MHTextField: 4cb96e33bccb58812c0ca0016a28574a7920167e
  NSDate+Calendar: 3bc746ae54cbb5e576310a683897ef8248e5736f
  Parse: 0647e995f0afadad3f0f015304912a859c2958c8
  SVProgressHUD: 5e10939a296debf5fe5a5895eda9539b8b2114f1

COCOAPODS: 0.27.1
