// !$*UTF8*$!
{
	archiveVersion = 1;
	classes = {
	};
	objectVersion = 46;
	objects = {

/* Begin PBXBuildFile section */
		37AE43D5896CD7223E1974B5 /* SlidingViewController.m in Sources */ = {isa = PBXBuildFile; fileRef = 37AE479A6DC4967E412B0C2F /* SlidingViewController.m */; };
		37AE4417C552AE087B982A46 /* SignupViewController.m in Sources */ = {isa = PBXBuildFile; fileRef = 37AE4FA3B2A893A82C3347D0 /* SignupViewController.m */; };
		37AE4452E65CC2A8971D8323 /* UserManager.m in Sources */ = {isa = PBXBuildFile; fileRef = 37AE437EE79B197FE4E63E0C /* UserManager.m */; };
		37AE49ECA1E4258C7FD1466A /* ObjCSingleton.m in Sources */ = {isa = PBXBuildFile; fileRef = 37AE41F186F6B9FA31DFDB3D /* ObjCSingleton.m */; };
		37AE4CE7553642879D0787B7 /* User.m in Sources */ = {isa = PBXBuildFile; fileRef = 37AE4DB335090D57EAB437E5 /* User.m */; };
		37AE4DBB7D232C92911E514E /* SigninViewController.m in Sources */ = {isa = PBXBuildFile; fileRef = 37AE4C422AE6FCB08798D66A /* SigninViewController.m */; };
		8A2DCA3C185C5F6E00746730 /* AlarmViewController.m in Sources */ = {isa = PBXBuildFile; fileRef = 8A2DCA32185C5F6E00746730 /* AlarmViewController.m */; };
		8A2DCA3D185C5F6E00746730 /* AppDelegate.m in Sources */ = {isa = PBXBuildFile; fileRef = 8A2DCA34185C5F6E00746730 /* AppDelegate.m */; };
		8A2DCA3E185C5F6E00746730 /* SettingsViewControllers.m in Sources */ = {isa = PBXBuildFile; fileRef = 8A2DCA36185C5F6E00746730 /* SettingsViewControllers.m */; };
		8A2DCA3F185C5F6E00746730 /* SideMenuViewController.m in Sources */ = {isa = PBXBuildFile; fileRef = 8A2DCA38185C5F6E00746730 /* SideMenuViewController.m */; };
		8A2DCA40185C5F6E00746730 /* ViewController.m in Sources */ = {isa = PBXBuildFile; fileRef = 8A2DCA3A185C5F6E00746730 /* ViewController.m */; };
		8A986507185C542900446A01 /* Foundation.framework in Frameworks */ = {isa = PBXBuildFile; fileRef = 8A986506185C542900446A01 /* Foundation.framework */; };
		8A986509185C542900446A01 /* CoreGraphics.framework in Frameworks */ = {isa = PBXBuildFile; fileRef = 8A986508185C542900446A01 /* CoreGraphics.framework */; };
		8A98650B185C542A00446A01 /* UIKit.framework in Frameworks */ = {isa = PBXBuildFile; fileRef = 8A98650A185C542A00446A01 /* UIKit.framework */; };
		8A986511185C542A00446A01 /* InfoPlist.strings in Resources */ = {isa = PBXBuildFile; fileRef = 8A98650F185C542A00446A01 /* InfoPlist.strings */; };
		8A986513185C542A00446A01 /* main.m in Sources */ = {isa = PBXBuildFile; fileRef = 8A986512185C542A00446A01 /* main.m */; };
		8A98651A185C542A00446A01 /* Main.storyboard in Resources */ = {isa = PBXBuildFile; fileRef = 8A986518185C542A00446A01 /* Main.storyboard */; };
		8A98651F185C542A00446A01 /* Images.xcassets in Resources */ = {isa = PBXBuildFile; fileRef = 8A98651E185C542A00446A01 /* Images.xcassets */; };
		8A986526185C542A00446A01 /* XCTest.framework in Frameworks */ = {isa = PBXBuildFile; fileRef = 8A986525185C542A00446A01 /* XCTest.framework */; };
		8A986527185C542A00446A01 /* Foundation.framework in Frameworks */ = {isa = PBXBuildFile; fileRef = 8A986506185C542900446A01 /* Foundation.framework */; };
		8A986528185C542A00446A01 /* UIKit.framework in Frameworks */ = {isa = PBXBuildFile; fileRef = 8A98650A185C542A00446A01 /* UIKit.framework */; };
		8A986530185C542A00446A01 /* InfoPlist.strings in Resources */ = {isa = PBXBuildFile; fileRef = 8A98652E185C542A00446A01 /* InfoPlist.strings */; };
		8A986532185C542A00446A01 /* snoozeforgoodTests.m in Sources */ = {isa = PBXBuildFile; fileRef = 8A986531185C542A00446A01 /* snoozeforgoodTests.m */; };
		8AC171F3185D854800F6DCC8 /* alarm@2x.png in Resources */ = {isa = PBXBuildFile; fileRef = 8AC171EE185D854700F6DCC8 /* alarm@2x.png */; };
		8AC171F4185D854800F6DCC8 /* exit@2x.png in Resources */ = {isa = PBXBuildFile; fileRef = 8AC171EF185D854700F6DCC8 /* exit@2x.png */; };
		8AC171F5185D854800F6DCC8 /* logout@2x.png in Resources */ = {isa = PBXBuildFile; fileRef = 8AC171F0185D854700F6DCC8 /* logout@2x.png */; };
		8AC171F6185D854800F6DCC8 /* menu@2x.png in Resources */ = {isa = PBXBuildFile; fileRef = 8AC171F1185D854700F6DCC8 /* menu@2x.png */; };
		8AC171F7185D854800F6DCC8 /* settings@2x.png in Resources */ = {isa = PBXBuildFile; fileRef = 8AC171F2185D854700F6DCC8 /* settings@2x.png */; };
		F313CE16D2C348418692B4E7 /* libPods.a in Frameworks */ = {isa = PBXBuildFile; fileRef = 16606FD3C2644F87858BB6CD /* libPods.a */; };
/* End PBXBuildFile section */

/* Begin PBXContainerItemProxy section */
		8A986529185C542A00446A01 /* PBXContainerItemProxy */ = {
			isa = PBXContainerItemProxy;
			containerPortal = 8A9864FB185C542900446A01 /* Project object */;
			proxyType = 1;
			remoteGlobalIDString = 8A986502185C542900446A01;
			remoteInfo = snoozeforgood;
		};
/* End PBXContainerItemProxy section */

/* Begin PBXFileReference section */
		16606FD3C2644F87858BB6CD /* libPods.a */ = {isa = PBXFileReference; explicitFileType = archive.ar; includeInIndex = 0; path = libPods.a; sourceTree = BUILT_PRODUCTS_DIR; };
		37AE41F186F6B9FA31DFDB3D /* ObjCSingleton.m */ = {isa = PBXFileReference; fileEncoding = 4; lastKnownFileType = sourcecode.c.objc; path = ObjCSingleton.m; sourceTree = "<group>"; };
		37AE437EE79B197FE4E63E0C /* UserManager.m */ = {isa = PBXFileReference; fileEncoding = 4; lastKnownFileType = sourcecode.c.objc; path = UserManager.m; sourceTree = "<group>"; };
		37AE479A6DC4967E412B0C2F /* SlidingViewController.m */ = {isa = PBXFileReference; fileEncoding = 4; lastKnownFileType = sourcecode.c.objc; path = SlidingViewController.m; sourceTree = "<group>"; };
		37AE49E7E512B5824B4626A8 /* UserManager.h */ = {isa = PBXFileReference; fileEncoding = 4; lastKnownFileType = sourcecode.c.h; path = UserManager.h; sourceTree = "<group>"; };
		37AE4A375C0AA5FFA05CC261 /* SignupViewController.h */ = {isa = PBXFileReference; fileEncoding = 4; lastKnownFileType = sourcecode.c.h; path = SignupViewController.h; sourceTree = "<group>"; };
		37AE4BF68F1027D5C15A154E /* SigninViewController.h */ = {isa = PBXFileReference; fileEncoding = 4; lastKnownFileType = sourcecode.c.h; path = SigninViewController.h; sourceTree = "<group>"; };
		37AE4C39F272F9DC12688FDC /* User.h */ = {isa = PBXFileReference; fileEncoding = 4; lastKnownFileType = sourcecode.c.h; path = User.h; sourceTree = "<group>"; };
		37AE4C422AE6FCB08798D66A /* SigninViewController.m */ = {isa = PBXFileReference; fileEncoding = 4; lastKnownFileType = sourcecode.c.objc; path = SigninViewController.m; sourceTree = "<group>"; };
		37AE4DB335090D57EAB437E5 /* User.m */ = {isa = PBXFileReference; fileEncoding = 4; lastKnownFileType = sourcecode.c.objc; path = User.m; sourceTree = "<group>"; };
		37AE4E157171C131960EE1C2 /* SlidingViewController.h */ = {isa = PBXFileReference; fileEncoding = 4; lastKnownFileType = sourcecode.c.h; path = SlidingViewController.h; sourceTree = "<group>"; };
		37AE4EF671FFD4376555C054 /* ObjCSingleton.h */ = {isa = PBXFileReference; fileEncoding = 4; lastKnownFileType = sourcecode.c.h; path = ObjCSingleton.h; sourceTree = "<group>"; };
		37AE4FA3B2A893A82C3347D0 /* SignupViewController.m */ = {isa = PBXFileReference; fileEncoding = 4; lastKnownFileType = sourcecode.c.objc; path = SignupViewController.m; sourceTree = "<group>"; };
		8A2DCA31185C5F6E00746730 /* AlarmViewController.h */ = {isa = PBXFileReference; fileEncoding = 4; lastKnownFileType = sourcecode.c.h; path = AlarmViewController.h; sourceTree = "<group>"; };
		8A2DCA32185C5F6E00746730 /* AlarmViewController.m */ = {isa = PBXFileReference; fileEncoding = 4; lastKnownFileType = sourcecode.c.objc; path = AlarmViewController.m; sourceTree = "<group>"; };
		8A2DCA33185C5F6E00746730 /* AppDelegate.h */ = {isa = PBXFileReference; fileEncoding = 4; lastKnownFileType = sourcecode.c.h; path = AppDelegate.h; sourceTree = "<group>"; };
		8A2DCA34185C5F6E00746730 /* AppDelegate.m */ = {isa = PBXFileReference; fileEncoding = 4; lastKnownFileType = sourcecode.c.objc; path = AppDelegate.m; sourceTree = "<group>"; };
		8A2DCA35185C5F6E00746730 /* SettingsViewControllers.h */ = {isa = PBXFileReference; fileEncoding = 4; lastKnownFileType = sourcecode.c.h; path = SettingsViewControllers.h; sourceTree = "<group>"; };
		8A2DCA36185C5F6E00746730 /* SettingsViewControllers.m */ = {isa = PBXFileReference; fileEncoding = 4; lastKnownFileType = sourcecode.c.objc; path = SettingsViewControllers.m; sourceTree = "<group>"; };
		8A2DCA37185C5F6E00746730 /* SideMenuViewController.h */ = {isa = PBXFileReference; fileEncoding = 4; lastKnownFileType = sourcecode.c.h; path = SideMenuViewController.h; sourceTree = "<group>"; };
		8A2DCA38185C5F6E00746730 /* SideMenuViewController.m */ = {isa = PBXFileReference; fileEncoding = 4; lastKnownFileType = sourcecode.c.objc; path = SideMenuViewController.m; sourceTree = "<group>"; };
		8A2DCA39185C5F6E00746730 /* ViewController.h */ = {isa = PBXFileReference; fileEncoding = 4; lastKnownFileType = sourcecode.c.h; path = ViewController.h; sourceTree = "<group>"; };
		8A2DCA3A185C5F6E00746730 /* ViewController.m */ = {isa = PBXFileReference; fileEncoding = 4; lastKnownFileType = sourcecode.c.objc; path = ViewController.m; sourceTree = "<group>"; };
		8A986503185C542900446A01 /* snoozeforgood.app */ = {isa = PBXFileReference; explicitFileType = wrapper.application; includeInIndex = 0; path = snoozeforgood.app; sourceTree = BUILT_PRODUCTS_DIR; };
		8A986506185C542900446A01 /* Foundation.framework */ = {isa = PBXFileReference; lastKnownFileType = wrapper.framework; name = Foundation.framework; path = System/Library/Frameworks/Foundation.framework; sourceTree = SDKROOT; };
		8A986508185C542900446A01 /* CoreGraphics.framework */ = {isa = PBXFileReference; lastKnownFileType = wrapper.framework; name = CoreGraphics.framework; path = System/Library/Frameworks/CoreGraphics.framework; sourceTree = SDKROOT; };
		8A98650A185C542A00446A01 /* UIKit.framework */ = {isa = PBXFileReference; lastKnownFileType = wrapper.framework; name = UIKit.framework; path = System/Library/Frameworks/UIKit.framework; sourceTree = SDKROOT; };
		8A98650E185C542A00446A01 /* snoozeforgood-Info.plist */ = {isa = PBXFileReference; lastKnownFileType = text.plist.xml; path = "snoozeforgood-Info.plist"; sourceTree = "<group>"; };
		8A986510185C542A00446A01 /* en */ = {isa = PBXFileReference; lastKnownFileType = text.plist.strings; name = en; path = en.lproj/InfoPlist.strings; sourceTree = "<group>"; };
		8A986512185C542A00446A01 /* main.m */ = {isa = PBXFileReference; lastKnownFileType = sourcecode.c.objc; path = main.m; sourceTree = "<group>"; };
		8A986514185C542A00446A01 /* snoozeforgood-Prefix.pch */ = {isa = PBXFileReference; lastKnownFileType = sourcecode.c.h; path = "snoozeforgood-Prefix.pch"; sourceTree = "<group>"; };
		8A986519185C542A00446A01 /* Base */ = {isa = PBXFileReference; lastKnownFileType = file.storyboard; name = Base; path = Base.lproj/Main.storyboard; sourceTree = "<group>"; };
		8A98651E185C542A00446A01 /* Images.xcassets */ = {isa = PBXFileReference; lastKnownFileType = folder.assetcatalog; path = Images.xcassets; sourceTree = "<group>"; };
		8A986524185C542A00446A01 /* snoozeforgoodTests.xctest */ = {isa = PBXFileReference; explicitFileType = wrapper.cfbundle; includeInIndex = 0; path = snoozeforgoodTests.xctest; sourceTree = BUILT_PRODUCTS_DIR; };
		8A986525185C542A00446A01 /* XCTest.framework */ = {isa = PBXFileReference; lastKnownFileType = wrapper.framework; name = XCTest.framework; path = Library/Frameworks/XCTest.framework; sourceTree = DEVELOPER_DIR; };
		8A98652D185C542A00446A01 /* snoozeforgoodTests-Info.plist */ = {isa = PBXFileReference; lastKnownFileType = text.plist.xml; path = "snoozeforgoodTests-Info.plist"; sourceTree = "<group>"; };
		8A98652F185C542A00446A01 /* en */ = {isa = PBXFileReference; lastKnownFileType = text.plist.strings; name = en; path = en.lproj/InfoPlist.strings; sourceTree = "<group>"; };
		8A986531185C542A00446A01 /* snoozeforgoodTests.m */ = {isa = PBXFileReference; lastKnownFileType = sourcecode.c.objc; path = snoozeforgoodTests.m; sourceTree = "<group>"; };
		8AC171EE185D854700F6DCC8 /* alarm@2x.png */ = {isa = PBXFileReference; lastKnownFileType = image.png; path = "alarm@2x.png"; sourceTree = "<group>"; };
		8AC171EF185D854700F6DCC8 /* exit@2x.png */ = {isa = PBXFileReference; lastKnownFileType = image.png; path = "exit@2x.png"; sourceTree = "<group>"; };
		8AC171F0185D854700F6DCC8 /* logout@2x.png */ = {isa = PBXFileReference; lastKnownFileType = image.png; path = "logout@2x.png"; sourceTree = "<group>"; };
		8AC171F1185D854700F6DCC8 /* menu@2x.png */ = {isa = PBXFileReference; lastKnownFileType = image.png; path = "menu@2x.png"; sourceTree = "<group>"; };
		8AC171F2185D854700F6DCC8 /* settings@2x.png */ = {isa = PBXFileReference; lastKnownFileType = image.png; path = "settings@2x.png"; sourceTree = "<group>"; };
		96901938C96649A795AD687E /* Pods.xcconfig */ = {isa = PBXFileReference; includeInIndex = 1; lastKnownFileType = text.xcconfig; name = Pods.xcconfig; path = Pods/Pods.xcconfig; sourceTree = "<group>"; };
/* End PBXFileReference section */

/* Begin PBXFrameworksBuildPhase section */
		8A986500185C542900446A01 /* Frameworks */ = {
			isa = PBXFrameworksBuildPhase;
			buildActionMask = 2147483647;
			files = (
				8A986509185C542900446A01 /* CoreGraphics.framework in Frameworks */,
				8A98650B185C542A00446A01 /* UIKit.framework in Frameworks */,
				8A986507185C542900446A01 /* Foundation.framework in Frameworks */,
				F313CE16D2C348418692B4E7 /* libPods.a in Frameworks */,
			);
			runOnlyForDeploymentPostprocessing = 0;
		};
		8A986521185C542A00446A01 /* Frameworks */ = {
			isa = PBXFrameworksBuildPhase;
			buildActionMask = 2147483647;
			files = (
				8A986526185C542A00446A01 /* XCTest.framework in Frameworks */,
				8A986528185C542A00446A01 /* UIKit.framework in Frameworks */,
				8A986527185C542A00446A01 /* Foundation.framework in Frameworks */,
			);
			runOnlyForDeploymentPostprocessing = 0;
		};
/* End PBXFrameworksBuildPhase section */

/* Begin PBXGroup section */
		8A2DCA30185C5F6E00746730 /* Classes */ = {
			isa = PBXGroup;
			children = (
				8A2DCA31185C5F6E00746730 /* AlarmViewController.h */,
				8A2DCA32185C5F6E00746730 /* AlarmViewController.m */,
				8A2DCA33185C5F6E00746730 /* AppDelegate.h */,
				8A2DCA34185C5F6E00746730 /* AppDelegate.m */,
				8A2DCA35185C5F6E00746730 /* SettingsViewControllers.h */,
				8A2DCA36185C5F6E00746730 /* SettingsViewControllers.m */,
				8A2DCA37185C5F6E00746730 /* SideMenuViewController.h */,
				8A2DCA38185C5F6E00746730 /* SideMenuViewController.m */,
				8A2DCA39185C5F6E00746730 /* ViewController.h */,
				8A2DCA3A185C5F6E00746730 /* ViewController.m */,
				37AE479A6DC4967E412B0C2F /* SlidingViewController.m */,
				37AE4E157171C131960EE1C2 /* SlidingViewController.h */,
				37AE437EE79B197FE4E63E0C /* UserManager.m */,
				37AE49E7E512B5824B4626A8 /* UserManager.h */,
				37AE4EF671FFD4376555C054 /* ObjCSingleton.h */,
				37AE41F186F6B9FA31DFDB3D /* ObjCSingleton.m */,
				37AE4C422AE6FCB08798D66A /* SigninViewController.m */,
				37AE4BF68F1027D5C15A154E /* SigninViewController.h */,
				37AE4FA3B2A893A82C3347D0 /* SignupViewController.m */,
				37AE4A375C0AA5FFA05CC261 /* SignupViewController.h */,
				37AE4DB335090D57EAB437E5 /* User.m */,
				37AE4C39F272F9DC12688FDC /* User.h */,
			);
			path = Classes;
			sourceTree = "<group>";
		};
		8A2DCA3B185C5F6E00746730 /* Resources */ = {
			isa = PBXGroup;
			children = (
				8A2DCA41185C610200746730 /* Images */,
			);
			path = Resources;
			sourceTree = "<group>";
		};
		8A2DCA41185C610200746730 /* Images */ = {
			isa = PBXGroup;
			children = (
				8AC171EE185D854700F6DCC8 /* alarm@2x.png */,
				8AC171EF185D854700F6DCC8 /* exit@2x.png */,
				8AC171F0185D854700F6DCC8 /* logout@2x.png */,
				8AC171F1185D854700F6DCC8 /* menu@2x.png */,
				8AC171F2185D854700F6DCC8 /* settings@2x.png */,
			);
			path = Images;
			sourceTree = "<group>";
		};
		8A9864FA185C542900446A01 = {
			isa = PBXGroup;
			children = (
				8A98650C185C542A00446A01 /* snoozeforgood */,
				8A98652B185C542A00446A01 /* snoozeforgoodTests */,
				8A986505185C542900446A01 /* Frameworks */,
				8A986504185C542900446A01 /* Products */,
				96901938C96649A795AD687E /* Pods.xcconfig */,
			);
			sourceTree = "<group>";
		};
		8A986504185C542900446A01 /* Products */ = {
			isa = PBXGroup;
			children = (
				8A986503185C542900446A01 /* snoozeforgood.app */,
				8A986524185C542A00446A01 /* snoozeforgoodTests.xctest */,
			);
			name = Products;
			sourceTree = "<group>";
		};
		8A986505185C542900446A01 /* Frameworks */ = {
			isa = PBXGroup;
			children = (
				8A986506185C542900446A01 /* Foundation.framework */,
				8A986508185C542900446A01 /* CoreGraphics.framework */,
				8A98650A185C542A00446A01 /* UIKit.framework */,
				8A986525185C542A00446A01 /* XCTest.framework */,
				16606FD3C2644F87858BB6CD /* libPods.a */,
			);
			name = Frameworks;
			sourceTree = "<group>";
		};
		8A98650C185C542A00446A01 /* snoozeforgood */ = {
			isa = PBXGroup;
			children = (
				8A2DCA30185C5F6E00746730 /* Classes */,
				8A2DCA3B185C5F6E00746730 /* Resources */,
				8A986518185C542A00446A01 /* Main.storyboard */,
				8A98651E185C542A00446A01 /* Images.xcassets */,
				8A98650D185C542A00446A01 /* Supporting Files */,
			);
			path = snoozeforgood;
			sourceTree = "<group>";
		};
		8A98650D185C542A00446A01 /* Supporting Files */ = {
			isa = PBXGroup;
			children = (
				8A98650E185C542A00446A01 /* snoozeforgood-Info.plist */,
				8A98650F185C542A00446A01 /* InfoPlist.strings */,
				8A986512185C542A00446A01 /* main.m */,
				8A986514185C542A00446A01 /* snoozeforgood-Prefix.pch */,
			);
			name = "Supporting Files";
			sourceTree = "<group>";
		};
		8A98652B185C542A00446A01 /* snoozeforgoodTests */ = {
			isa = PBXGroup;
			children = (
				8A986531185C542A00446A01 /* snoozeforgoodTests.m */,
				8A98652C185C542A00446A01 /* Supporting Files */,
			);
			path = snoozeforgoodTests;
			sourceTree = "<group>";
		};
		8A98652C185C542A00446A01 /* Supporting Files */ = {
			isa = PBXGroup;
			children = (
				8A98652D185C542A00446A01 /* snoozeforgoodTests-Info.plist */,
				8A98652E185C542A00446A01 /* InfoPlist.strings */,
			);
			name = "Supporting Files";
			sourceTree = "<group>";
		};
/* End PBXGroup section */

/* Begin PBXNativeTarget section */
		8A986502185C542900446A01 /* snoozeforgood */ = {
			isa = PBXNativeTarget;
			buildConfigurationList = 8A986535185C542A00446A01 /* Build configuration list for PBXNativeTarget "snoozeforgood" */;
			buildPhases = (
				48C5FCC8F3C04BDD95FA9FBA /* Check Pods Manifest.lock */,
				8A9864FF185C542900446A01 /* Sources */,
				8A986500185C542900446A01 /* Frameworks */,
				8A986501185C542900446A01 /* Resources */,
				AA52ACFD026645A7A5C63383 /* Copy Pods Resources */,
			);
			buildRules = (
			);
			dependencies = (
			);
			name = snoozeforgood;
			productName = snoozeforgood;
			productReference = 8A986503185C542900446A01 /* snoozeforgood.app */;
			productType = "com.apple.product-type.application";
		};
		8A986523185C542A00446A01 /* snoozeforgoodTests */ = {
			isa = PBXNativeTarget;
			buildConfigurationList = 8A986538185C542A00446A01 /* Build configuration list for PBXNativeTarget "snoozeforgoodTests" */;
			buildPhases = (
				8A986520185C542A00446A01 /* Sources */,
				8A986521185C542A00446A01 /* Frameworks */,
				8A986522185C542A00446A01 /* Resources */,
			);
			buildRules = (
			);
			dependencies = (
				8A98652A185C542A00446A01 /* PBXTargetDependency */,
			);
			name = snoozeforgoodTests;
			productName = snoozeforgoodTests;
			productReference = 8A986524185C542A00446A01 /* snoozeforgoodTests.xctest */;
			productType = "com.apple.product-type.bundle.unit-test";
		};
/* End PBXNativeTarget section */

/* Begin PBXProject section */
		8A9864FB185C542900446A01 /* Project object */ = {
			isa = PBXProject;
			attributes = {
				LastUpgradeCheck = 0500;
				ORGANIZATIONNAME = reallocate;
				TargetAttributes = {
					8A986523185C542A00446A01 = {
						TestTargetID = 8A986502185C542900446A01 /* snoozeforgood */;
					};
				};
			};
			buildConfigurationList = 8A9864FE185C542900446A01 /* Build configuration list for PBXProject "snoozeforgood" */;
			compatibilityVersion = "Xcode 3.2";
			developmentRegion = English;
			hasScannedForEncodings = 0;
			knownRegions = (
				en,
				Base,
			);
			mainGroup = 8A9864FA185C542900446A01;
			productRefGroup = 8A986504185C542900446A01 /* Products */;
			projectDirPath = "";
			projectRoot = "";
			targets = (
				8A986502185C542900446A01 /* snoozeforgood */,
				8A986523185C542A00446A01 /* snoozeforgoodTests */,
			);
		};
/* End PBXProject section */

/* Begin PBXResourcesBuildPhase section */
		8A986501185C542900446A01 /* Resources */ = {
			isa = PBXResourcesBuildPhase;
			buildActionMask = 2147483647;
			files = (
				8A98651F185C542A00446A01 /* Images.xcassets in Resources */,
				8AC171F6185D854800F6DCC8 /* menu@2x.png in Resources */,
				8A986511185C542A00446A01 /* InfoPlist.strings in Resources */,
				8AC171F5185D854800F6DCC8 /* logout@2x.png in Resources */,
				8AC171F3185D854800F6DCC8 /* alarm@2x.png in Resources */,
				8AC171F7185D854800F6DCC8 /* settings@2x.png in Resources */,
				8A98651A185C542A00446A01 /* Main.storyboard in Resources */,
				8AC171F4185D854800F6DCC8 /* exit@2x.png in Resources */,
			);
			runOnlyForDeploymentPostprocessing = 0;
		};
		8A986522185C542A00446A01 /* Resources */ = {
			isa = PBXResourcesBuildPhase;
			buildActionMask = 2147483647;
			files = (
				8A986530185C542A00446A01 /* InfoPlist.strings in Resources */,
			);
			runOnlyForDeploymentPostprocessing = 0;
		};
/* End PBXResourcesBuildPhase section */

/* Begin PBXShellScriptBuildPhase section */
		48C5FCC8F3C04BDD95FA9FBA /* Check Pods Manifest.lock */ = {
			isa = PBXShellScriptBuildPhase;
			buildActionMask = 2147483647;
			files = (
			);
			inputPaths = (
			);
			name = "Check Pods Manifest.lock";
			outputPaths = (
			);
			runOnlyForDeploymentPostprocessing = 0;
			shellPath = /bin/sh;
			shellScript = "diff \"${PODS_ROOT}/../Podfile.lock\" \"${PODS_ROOT}/Manifest.lock\" > /dev/null\nif [[ $? != 0 ]] ; then\n    cat << EOM\nerror: The sandbox is not in sync with the Podfile.lock. Run 'pod install' or update your CocoaPods installation.\nEOM\n    exit 1\nfi\n";
			showEnvVarsInLog = 0;
		};
		AA52ACFD026645A7A5C63383 /* Copy Pods Resources */ = {
			isa = PBXShellScriptBuildPhase;
			buildActionMask = 2147483647;
			files = (
			);
			inputPaths = (
			);
			name = "Copy Pods Resources";
			outputPaths = (
			);
			runOnlyForDeploymentPostprocessing = 0;
			shellPath = /bin/sh;
			shellScript = "\"${SRCROOT}/Pods/Pods-resources.sh\"\n";
			showEnvVarsInLog = 0;
		};
/* End PBXShellScriptBuildPhase section */

/* Begin PBXSourcesBuildPhase section */
		8A9864FF185C542900446A01 /* Sources */ = {
			isa = PBXSourcesBuildPhase;
			buildActionMask = 2147483647;
			files = (
				8A2DCA40185C5F6E00746730 /* ViewController.m in Sources */,
				8A2DCA3F185C5F6E00746730 /* SideMenuViewController.m in Sources */,
				8A2DCA3C185C5F6E00746730 /* AlarmViewController.m in Sources */,
				8A986513185C542A00446A01 /* main.m in Sources */,
				8A2DCA3D185C5F6E00746730 /* AppDelegate.m in Sources */,
				8A2DCA3E185C5F6E00746730 /* SettingsViewControllers.m in Sources */,
				37AE43D5896CD7223E1974B5 /* SlidingViewController.m in Sources */,
				37AE4452E65CC2A8971D8323 /* UserManager.m in Sources */,
				37AE49ECA1E4258C7FD1466A /* ObjCSingleton.m in Sources */,
				37AE4DBB7D232C92911E514E /* SigninViewController.m in Sources */,
				37AE4417C552AE087B982A46 /* SignupViewController.m in Sources */,
				37AE4CE7553642879D0787B7 /* User.m in Sources */,
			);
			runOnlyForDeploymentPostprocessing = 0;
		};
		8A986520185C542A00446A01 /* Sources */ = {
			isa = PBXSourcesBuildPhase;
			buildActionMask = 2147483647;
			files = (
				8A986532185C542A00446A01 /* snoozeforgoodTests.m in Sources */,
			);
			runOnlyForDeploymentPostprocessing = 0;
		};
/* End PBXSourcesBuildPhase section */

/* Begin PBXTargetDependency section */
		8A98652A185C542A00446A01 /* PBXTargetDependency */ = {
			isa = PBXTargetDependency;
			target = 8A986502185C542900446A01 /* snoozeforgood */;
			targetProxy = 8A986529185C542A00446A01 /* PBXContainerItemProxy */;
		};
/* End PBXTargetDependency section */

/* Begin PBXVariantGroup section */
		8A98650F185C542A00446A01 /* InfoPlist.strings */ = {
			isa = PBXVariantGroup;
			children = (
				8A986510185C542A00446A01 /* en */,
			);
			name = InfoPlist.strings;
			sourceTree = "<group>";
		};
		8A986518185C542A00446A01 /* Main.storyboard */ = {
			isa = PBXVariantGroup;
			children = (
				8A986519185C542A00446A01 /* Base */,
			);
			name = Main.storyboard;
			sourceTree = "<group>";
		};
		8A98652E185C542A00446A01 /* InfoPlist.strings */ = {
			isa = PBXVariantGroup;
			children = (
				8A98652F185C542A00446A01 /* en */,
			);
			name = InfoPlist.strings;
			sourceTree = "<group>";
		};
/* End PBXVariantGroup section */

/* Begin XCBuildConfiguration section */
		8A986533185C542A00446A01 /* Debug */ = {
			isa = XCBuildConfiguration;
			buildSettings = {
				ALWAYS_SEARCH_USER_PATHS = NO;
				ARCHS = "$(ARCHS_STANDARD_INCLUDING_64_BIT)";
				CLANG_CXX_LANGUAGE_STANDARD = "gnu++0x";
				CLANG_CXX_LIBRARY = "libc++";
				CLANG_ENABLE_MODULES = YES;
				CLANG_ENABLE_OBJC_ARC = YES;
				CLANG_WARN_BOOL_CONVERSION = YES;
				CLANG_WARN_CONSTANT_CONVERSION = YES;
				CLANG_WARN_DIRECT_OBJC_ISA_USAGE = YES_ERROR;
				CLANG_WARN_EMPTY_BODY = YES;
				CLANG_WARN_ENUM_CONVERSION = YES;
				CLANG_WARN_INT_CONVERSION = YES;
				CLANG_WARN_OBJC_ROOT_CLASS = YES_ERROR;
				CLANG_WARN__DUPLICATE_METHOD_MATCH = YES;
				"CODE_SIGN_IDENTITY[sdk=iphoneos*]" = "iPhone Developer";
				COPY_PHASE_STRIP = NO;
				GCC_C_LANGUAGE_STANDARD = gnu99;
				GCC_DYNAMIC_NO_PIC = NO;
				GCC_OPTIMIZATION_LEVEL = 0;
				GCC_PREPROCESSOR_DEFINITIONS = (
					"DEBUG=1",
					"$(inherited)",
				);
				GCC_SYMBOLS_PRIVATE_EXTERN = NO;
				GCC_WARN_64_TO_32_BIT_CONVERSION = YES;
				GCC_WARN_ABOUT_RETURN_TYPE = YES_ERROR;
				GCC_WARN_UNDECLARED_SELECTOR = YES;
				GCC_WARN_UNINITIALIZED_AUTOS = YES;
				GCC_WARN_UNUSED_FUNCTION = YES;
				GCC_WARN_UNUSED_VARIABLE = YES;
				IPHONEOS_DEPLOYMENT_TARGET = 7.0;
				ONLY_ACTIVE_ARCH = YES;
				SDKROOT = iphoneos;
			};
			name = Debug;
		};
		8A986534185C542A00446A01 /* Release */ = {
			isa = XCBuildConfiguration;
			buildSettings = {
				ALWAYS_SEARCH_USER_PATHS = NO;
				ARCHS = "$(ARCHS_STANDARD_INCLUDING_64_BIT)";
				CLANG_CXX_LANGUAGE_STANDARD = "gnu++0x";
				CLANG_CXX_LIBRARY = "libc++";
				CLANG_ENABLE_MODULES = YES;
				CLANG_ENABLE_OBJC_ARC = YES;
				CLANG_WARN_BOOL_CONVERSION = YES;
				CLANG_WARN_CONSTANT_CONVERSION = YES;
				CLANG_WARN_DIRECT_OBJC_ISA_USAGE = YES_ERROR;
				CLANG_WARN_EMPTY_BODY = YES;
				CLANG_WARN_ENUM_CONVERSION = YES;
				CLANG_WARN_INT_CONVERSION = YES;
				CLANG_WARN_OBJC_ROOT_CLASS = YES_ERROR;
				CLANG_WARN__DUPLICATE_METHOD_MATCH = YES;
				"CODE_SIGN_IDENTITY[sdk=iphoneos*]" = "iPhone Developer";
				COPY_PHASE_STRIP = YES;
				ENABLE_NS_ASSERTIONS = NO;
				GCC_C_LANGUAGE_STANDARD = gnu99;
				GCC_WARN_64_TO_32_BIT_CONVERSION = YES;
				GCC_WARN_ABOUT_RETURN_TYPE = YES_ERROR;
				GCC_WARN_UNDECLARED_SELECTOR = YES;
				GCC_WARN_UNINITIALIZED_AUTOS = YES;
				GCC_WARN_UNUSED_FUNCTION = YES;
				GCC_WARN_UNUSED_VARIABLE = YES;
				IPHONEOS_DEPLOYMENT_TARGET = 7.0;
				SDKROOT = iphoneos;
				VALIDATE_PRODUCT = YES;
			};
			name = Release;
		};
		8A986536185C542A00446A01 /* Debug */ = {
			isa = XCBuildConfiguration;
			baseConfigurationReference = 96901938C96649A795AD687E /* Pods.xcconfig */;
			buildSettings = {
				ASSETCATALOG_COMPILER_APPICON_NAME = AppIcon;
				ASSETCATALOG_COMPILER_LAUNCHIMAGE_NAME = LaunchImage;
				GCC_PRECOMPILE_PREFIX_HEADER = YES;
				GCC_PREFIX_HEADER = "snoozeforgood/snoozeforgood-Prefix.pch";
				INFOPLIST_FILE = "snoozeforgood/snoozeforgood-Info.plist";
				PRODUCT_NAME = "$(TARGET_NAME)";
				USER_HEADER_SEARCH_PATHS = "\"${PROJECT_DIR}/Pods\"/**";
				WRAPPER_EXTENSION = app;
			};
			name = Debug;
		};
		8A986537185C542A00446A01 /* Release */ = {
			isa = XCBuildConfiguration;
			baseConfigurationReference = 96901938C96649A795AD687E /* Pods.xcconfig */;
			buildSettings = {
				ASSETCATALOG_COMPILER_APPICON_NAME = AppIcon;
				ASSETCATALOG_COMPILER_LAUNCHIMAGE_NAME = LaunchImage;
				GCC_PRECOMPILE_PREFIX_HEADER = YES;
				GCC_PREFIX_HEADER = "snoozeforgood/snoozeforgood-Prefix.pch";
				INFOPLIST_FILE = "snoozeforgood/snoozeforgood-Info.plist";
				PRODUCT_NAME = "$(TARGET_NAME)";
				USER_HEADER_SEARCH_PATHS = "\"${PROJECT_DIR}/Pods\"/**";
				WRAPPER_EXTENSION = app;
			};
			name = Release;
		};
		8A986539185C542A00446A01 /* Debug */ = {
			isa = XCBuildConfiguration;
			buildSettings = {
				ARCHS = "$(ARCHS_STANDARD_INCLUDING_64_BIT)";
				BUNDLE_LOADER = "$(BUILT_PRODUCTS_DIR)/snoozeforgood.app/snoozeforgood";
				FRAMEWORK_SEARCH_PATHS = (
					"$(SDKROOT)/Developer/Library/Frameworks",
					"$(inherited)",
					"$(DEVELOPER_FRAMEWORKS_DIR)",
				);
				GCC_PRECOMPILE_PREFIX_HEADER = YES;
				GCC_PREFIX_HEADER = "snoozeforgood/snoozeforgood-Prefix.pch";
				GCC_PREPROCESSOR_DEFINITIONS = (
					"DEBUG=1",
					"$(inherited)",
				);
				INFOPLIST_FILE = "snoozeforgoodTests/snoozeforgoodTests-Info.plist";
				PRODUCT_NAME = "$(TARGET_NAME)";
				TEST_HOST = "$(BUNDLE_LOADER)";
				WRAPPER_EXTENSION = xctest;
			};
			name = Debug;
		};
		8A98653A185C542A00446A01 /* Release */ = {
			isa = XCBuildConfiguration;
			buildSettings = {
				ARCHS = "$(ARCHS_STANDARD_INCLUDING_64_BIT)";
				BUNDLE_LOADER = "$(BUILT_PRODUCTS_DIR)/snoozeforgood.app/snoozeforgood";
				FRAMEWORK_SEARCH_PATHS = (
					"$(SDKROOT)/Developer/Library/Frameworks",
					"$(inherited)",
					"$(DEVELOPER_FRAMEWORKS_DIR)",
				);
				GCC_PRECOMPILE_PREFIX_HEADER = YES;
				GCC_PREFIX_HEADER = "snoozeforgood/snoozeforgood-Prefix.pch";
				INFOPLIST_FILE = "snoozeforgoodTests/snoozeforgoodTests-Info.plist";
				PRODUCT_NAME = "$(TARGET_NAME)";
				TEST_HOST = "$(BUNDLE_LOADER)";
				WRAPPER_EXTENSION = xctest;
			};
			name = Release;
		};
/* End XCBuildConfiguration section */

/* Begin XCConfigurationList section */
		8A9864FE185C542900446A01 /* Build configuration list for PBXProject "snoozeforgood" */ = {
			isa = XCConfigurationList;
			buildConfigurations = (
				8A986533185C542A00446A01 /* Debug */,
				8A986534185C542A00446A01 /* Release */,
			);
			defaultConfigurationIsVisible = 0;
			defaultConfigurationName = Release;
		};
		8A986535185C542A00446A01 /* Build configuration list for PBXNativeTarget "snoozeforgood" */ = {
			isa = XCConfigurationList;
			buildConfigurations = (
				8A986536185C542A00446A01 /* Debug */,
				8A986537185C542A00446A01 /* Release */,
			);
			defaultConfigurationIsVisible = 0;
			defaultConfigurationName = Release;
		};
		8A986538185C542A00446A01 /* Build configuration list for PBXNativeTarget "snoozeforgoodTests" */ = {
			isa = XCConfigurationList;
			buildConfigurations = (
				8A986539185C542A00446A01 /* Debug */,
				8A98653A185C542A00446A01 /* Release */,
			);
			defaultConfigurationIsVisible = 0;
			defaultConfigurationName = Release;
		};
/* End XCConfigurationList section */
	};
	rootObject = 8A9864FB185C542900446A01 /* Project object */;
}
